// !$*UTF8*$!
{
	archiveVersion = 1;
	classes = {
	};
	objectVersion = 50;
	objects = {

/* Begin PBXBuildFile section */
		6498A5E52192A242001B521B /* ResultViewController.swift in Sources */ = {isa = PBXBuildFile; fileRef = 6498A5E42192A242001B521B /* ResultViewController.swift */; };
		64BCF549218DC9C500B1392E /* AppDelegate.swift in Sources */ = {isa = PBXBuildFile; fileRef = 64BCF548218DC9C500B1392E /* AppDelegate.swift */; };
		64BCF54B218DC9C500B1392E /* ViewController.swift in Sources */ = {isa = PBXBuildFile; fileRef = 64BCF54A218DC9C500B1392E /* ViewController.swift */; };
		64BCF54E218DC9C500B1392E /* Main.storyboard in Resources */ = {isa = PBXBuildFile; fileRef = 64BCF54C218DC9C500B1392E /* Main.storyboard */; };
		64BCF550218DC9C600B1392E /* Assets.xcassets in Resources */ = {isa = PBXBuildFile; fileRef = 64BCF54F218DC9C600B1392E /* Assets.xcassets */; };
		64BCF553218DC9C600B1392E /* LaunchScreen.storyboard in Resources */ = {isa = PBXBuildFile; fileRef = 64BCF551218DC9C600B1392E /* LaunchScreen.storyboard */; };
/* End PBXBuildFile section */

/* Begin PBXFileReference section */
		6498A5E42192A242001B521B /* ResultViewController.swift */ = {isa = PBXFileReference; lastKnownFileType = sourcecode.swift; path = ResultViewController.swift; sourceTree = "<group>"; };
		64BCF545218DC9C500B1392E /* SecondKadaiApp.app */ = {isa = PBXFileReference; explicitFileType = wrapper.application; includeInIndex = 0; path = SecondKadaiApp.app; sourceTree = BUILT_PRODUCTS_DIR; };
		64BCF548218DC9C500B1392E /* AppDelegate.swift */ = {isa = PBXFileReference; lastKnownFileType = sourcecode.swift; path = AppDelegate.swift; sourceTree = "<group>"; };
		64BCF54A218DC9C500B1392E /* ViewController.swift */ = {isa = PBXFileReference; lastKnownFileType = sourcecode.swift; path = ViewController.swift; sourceTree = "<group>"; };
		64BCF54D218DC9C500B1392E /* Base */ = {isa = PBXFileReference; lastKnownFileType = file.storyboard; name = Base; path = Base.lproj/Main.storyboard; sourceTree = "<group>"; };
		64BCF54F218DC9C600B1392E /* Assets.xcassets */ = {isa = PBXFileReference; lastKnownFileType = folder.assetcatalog; path = Assets.xcassets; sourceTree = "<group>"; };
		64BCF552218DC9C600B1392E /* Base */ = {isa = PBXFileReference; lastKnownFileType = file.storyboard; name = Base; path = Base.lproj/LaunchScreen.storyboard; sourceTree = "<group>"; };
		64BCF554218DC9C600B1392E /* Info.plist */ = {isa = PBXFileReference; lastKnownFileType = text.plist.xml; path = Info.plist; sourceTree = "<group>"; };
/* End PBXFileReference section */

/* Begin PBXFrameworksBuildPhase section */
		64BCF542218DC9C500B1392E /* Frameworks */ = {
			isa = PBXFrameworksBuildPhase;
			buildActionMask = 2147483647;
			files = (
			);
			runOnlyForDeploymentPostprocessing = 0;
		};
/* End PBXFrameworksBuildPhase section */

/* Begin PBXGroup section */
		64BCF53C218DC9C500B1392E = {
			isa = PBXGroup;
			children = (
				64BCF547218DC9C500B1392E /* SecondKadaiApp */,
				64BCF546218DC9C500B1392E /* Products */,
			);
			sourceTree = "<group>";
		};
		64BCF546218DC9C500B1392E /* Products */ = {
			isa = PBXGroup;
			children = (
				64BCF545218DC9C500B1392E /* SecondKadaiApp.app */,
			);
			name = Products;
			sourceTree = "<group>";
		};
		64BCF547218DC9C500B1392E /* SecondKadaiApp */ = {
			isa = PBXGroup;
			children = (
				64BCF548218DC9C500B1392E /* AppDelegate.swift */,
				64BCF54A218DC9C500B1392E /* ViewController.swift */,
				64BCF54C218DC9C500B1392E /* Main.storyboard */,
				64BCF54F218DC9C600B1392E /* Assets.xcassets */,
				64BCF551218DC9C600B1392E /* LaunchScreen.storyboard */,
				64BCF554218DC9C600B1392E /* Info.plist */,
				6498A5E42192A242001B521B /* ResultViewController.swift */,
			);
			path = SecondKadaiApp;
			sourceTree = "<group>";
		};
/* End PBXGroup section */

/* Begin PBXNativeTarget section */
		64BCF544218DC9C500B1392E /* SecondKadaiApp */ = {
			isa = PBXNativeTarget;
			buildConfigurationList = 64BCF557218DC9C600B1392E /* Build configuration list for PBXNativeTarget "SecondKadaiApp" */;
			buildPhases = (
				64BCF541218DC9C500B1392E /* Sources */,
				64BCF542218DC9C500B1392E /* Frameworks */,
				64BCF543218DC9C500B1392E /* Resources */,
			);
			buildRules = (
			);
			dependencies = (
			);
			name = SecondKadaiApp;
			productName = SecondKadaiApp;
			productReference = 64BCF545218DC9C500B1392E /* SecondKadaiApp.app */;
			productType = "com.apple.product-type.application";
		};
/* End PBXNativeTarget section */

/* Begin PBXProject section */
		64BCF53D218DC9C500B1392E /* Project object */ = {
			isa = PBXProject;
			attributes = {
				LastSwiftUpdateCheck = 0940;
				LastUpgradeCheck = 0940;
				ORGANIZATIONNAME = wataru.tujimoto;
				TargetAttributes = {
					64BCF544218DC9C500B1392E = {
						CreatedOnToolsVersion = 9.4.1;
					};
				};
			};
			buildConfigurationList = 64BCF540218DC9C500B1392E /* Build configuration list for PBXProject "SecondKadaiApp" */;
			compatibilityVersion = "Xcode 9.3";
			developmentRegion = en;
			hasScannedForEncodings = 0;
			knownRegions = (
				en,
				Base,
			);
			mainGroup = 64BCF53C218DC9C500B1392E;
			productRefGroup = 64BCF546218DC9C500B1392E /* Products */;
			projectDirPath = "";
			projectRoot = "";
			targets = (
				64BCF544218DC9C500B1392E /* SecondKadaiApp */,
			);
		};
/* End PBXProject section */

/* Begin PBXResourcesBuildPhase section */
		64BCF543218DC9C500B1392E /* Resources */ = {
			isa = PBXResourcesBuildPhase;
			buildActionMask = 2147483647;
			files = (
				64BCF553218DC9C600B1392E /* LaunchScreen.storyboard in Resources */,
				64BCF550218DC9C600B1392E /* Assets.xcassets in Resources */,
				64BCF54E218DC9C500B1392E /* Main.storyboard in Resources */,
			);
			runOnlyForDeploymentPostprocessing = 0;
		};
/* End PBXResourcesBuildPhase section */

/* Begin PBXSourcesBuildPhase section */
		64BCF541218DC9C500B1392E /* Sources */ = {
			isa = PBXSourcesBuildPhase;
			buildActionMask = 2147483647;
			files = (
				64BCF54B218DC9C500B1392E /* ViewController.swift in Sources */,
				64BCF549218DC9C500B1392E /* AppDelegate.swift in Sources */,
				6498A5E52192A242001B521B /* ResultViewController.swift in Sources */,
			);
			runOnlyForDeploymentPostprocessing = 0;
		};
/* End PBXSourcesBuildPhase section */

/* Begin PBXVariantGroup section */
		64BCF54C218DC9C500B1392E /* Main.storyboard */ = {
			isa = PBXVariantGroup;
			children = (
				64BCF54D218DC9C500B1392E /* Base */,
			);
			name = Main.storyboard;
			sourceTree = "<group>";
		};
		64BCF551218DC9C600B1392E /* LaunchScreen.storyboard */ = {
			isa = PBXVariantGroup;
			children = (
				64BCF552218DC9C600B1392E /* Base */,
			);
			name = LaunchScreen.storyboard;
			sourceTree = "<group>";
		};
/* End PBXVariantGroup section */

/* Begin XCBuildConfiguration section */
		64BCF555218DC9C600B1392E /* Debug */ = {
			isa = XCBuildConfiguration;
			buildSettings = {
				ALWAYS_SEARCH_USER_PATHS = NO;
				CLANG_ANALYZER_NONNULL = YES;
				CLANG_ANALYZER_NUMBER_OBJECT_CONVERSION = YES_AGGRESSIVE;
				CLANG_CXX_LANGUAGE_STANDARD = "gnu++14";
				CLANG_CXX_LIBRARY = "libc++";
				CLANG_ENABLE_MODULES = YES;
				CLANG_ENABLE_OBJC_ARC = YES;
				CLANG_ENABLE_OBJC_WEAK = YES;
				CLANG_WARN_BLOCK_CAPTURE_AUTORELEASING = YES;
				CLANG_WARN_BOOL_CONVERSION = YES;
				CLANG_WARN_COMMA = YES;
				CLANG_WARN_CONSTANT_CONVERSION = YES;
				CLANG_WARN_DEPRECATED_OBJC_IMPLEMENTATIONS = YES;
				CLANG_WARN_DIRECT_OBJC_ISA_USAGE = YES_ERROR;
				CLANG_WARN_DOCUMENTATION_COMMENTS = YES;
				CLANG_WARN_EMPTY_BODY = YES;
				CLANG_WARN_ENUM_CONVERSION = YES;
				CLANG_WARN_INFINITE_RECURSION = YES;
				CLANG_WARN_INT_CONVERSION = YES;
				CLANG_WARN_NON_LITERAL_NULL_CONVERSION = YES;
				CLANG_WARN_OBJC_IMPLICIT_RETAIN_SELF = YES;
				CLANG_WARN_OBJC_LITERAL_CONVERSION = YES;
				CLANG_WARN_OBJC_ROOT_CLASS = YES_ERROR;
				CLANG_WARN_RANGE_LOOP_ANALYSIS = YES;
				CLANG_WARN_STRICT_PROTOTYPES = YES;
				CLANG_WARN_SUSPICIOUS_MOVE = YES;
				CLANG_WARN_UNGUARDED_AVAILABILITY = YES_AGGRESSIVE;
				CLANG_WARN_UNREACHABLE_CODE = YES;
				CLANG_WARN__DUPLICATE_METHOD_MATCH = YES;
				CODE_SIGN_IDENTITY = "iPhone Developer";
				COPY_PHASE_STRIP = NO;
				DEBUG_INFORMATION_FORMAT = dwarf;
				ENABLE_STRICT_OBJC_MSGSEND = YES;
				ENABLE_TESTABILITY = YES;
				GCC_C_LANGUAGE_STANDARD = gnu11;
				GCC_DYNAMIC_NO_PIC = NO;
				GCC_NO_COMMON_BLOCKS = YES;
				GCC_OPTIMIZATION_LEVEL = 0;
				GCC_PREPROCESSOR_DEFINITIONS = (
					"DEBUG=1",
					"$(inherited)",
				);
				GCC_WARN_64_TO_32_BIT_CONVERSION = YES;
				GCC_WARN_ABOUT_RETURN_TYPE = YES_ERROR;
				GCC_WARN_UNDECLARED_SELECTOR = YES;
				GCC_WARN_UNINITIALIZED_AUTOS = YES_AGGRESSIVE;
				GCC_WARN_UNUSED_FUNCTION = YES;
				GCC_WARN_UNUSED_VARIABLE = YES;
				IPHONEOS_DEPLOYMENT_TARGET = 11.4;
				MTL_ENABLE_DEBUG_INFO = YES;
				ONLY_ACTIVE_ARCH = YES;
				SDKROOT = iphoneos;
				SWIFT_ACTIVE_COMPILATION_CONDITIONS = DEBUG;
				SWIFT_OPTIMIZATION_LEVEL = "-Onone";
			};
			name = Debug;
		};
		64BCF556218DC9C600B1392E /* Release */ = {
			isa = XCBuildConfiguration;
			buildSettings = {
				ALWAYS_SEARCH_USER_PATHS = NO;
				CLANG_ANALYZER_NONNULL = YES;
				CLANG_ANALYZER_NUMBER_OBJECT_CONVERSION = YES_AGGRESSIVE;
				CLANG_CXX_LANGUAGE_STANDARD = "gnu++14";
				CLANG_CXX_LIBRARY = "libc++";
				CLANG_ENABLE_MODULES = YES;
				CLANG_ENABLE_OBJC_ARC = YES;
				CLANG_ENABLE_OBJC_WEAK = YES;
				CLANG_WARN_BLOCK_CAPTURE_AUTORELEASING = YES;
				CLANG_WARN_BOOL_CONVERSION = YES;
				CLANG_WARN_COMMA = YES;
				CLANG_WARN_CONSTANT_CONVERSION = YES;
				CLANG_WARN_DEPRECATED_OBJC_IMPLEMENTATIONS = YES;
				CLANG_WARN_DIRECT_OBJC_ISA_USAGE = YES_ERROR;
				CLANG_WARN_DOCUMENTATION_COMMENTS = YES;
				CLANG_WARN_EMPTY_BODY = YES;
				CLANG_WARN_ENUM_CONVERSION = YES;
				CLANG_WARN_INFINITE_RECURSION = YES;
				CLANG_WARN_INT_CONVERSION = YES;
				CLANG_WARN_NON_LITERAL_NULL_CONVERSION = YES;
				CLANG_WARN_OBJC_IMPLICIT_RETAIN_SELF = YES;
				CLANG_WARN_OBJC_LITERAL_CONVERSION = YES;
				CLANG_WARN_OBJC_ROOT_CLASS = YES_ERROR;
				CLANG_WARN_RANGE_LOOP_ANALYSIS = YES;
				CLANG_WARN_STRICT_PROTOTYPES = YES;
				CLANG_WARN_SUSPICIOUS_MOVE = YES;
				CLANG_WARN_UNGUARDED_AVAILABILITY = YES_AGGRESSIVE;
				CLANG_WARN_UNREACHABLE_CODE = YES;
				CLANG_WARN__DUPLICATE_METHOD_MATCH = YES;
				CODE_SIGN_IDENTITY = "iPhone Developer";
				COPY_PHASE_STRIP = NO;
				DEBUG_INFORMATION_FORMAT = "dwarf-with-dsym";
				ENABLE_NS_ASSERTIONS = NO;
				ENABLE_STRICT_OBJC_MSGSEND = YES;
				GCC_C_LANGUAGE_STANDARD = gnu11;
				GCC_NO_COMMON_BLOCKS = YES;
				GCC_WARN_64_TO_32_BIT_CONVERSION = YES;
				GCC_WARN_ABOUT_RETURN_TYPE = YES_ERROR;
				GCC_WARN_UNDECLARED_SELECTOR = YES;
				GCC_WARN_UNINITIALIZED_AUTOS = YES_AGGRESSIVE;
				GCC_WARN_UNUSED_FUNCTION = YES;
				GCC_WARN_UNUSED_VARIABLE = YES;
				IPHONEOS_DEPLOYMENT_TARGET = 11.4;
				MTL_ENABLE_DEBUG_INFO = NO;
				SDKROOT = iphoneos;
				SWIFT_COMPILATION_MODE = wholemodule;
				SWIFT_OPTIMIZATION_LEVEL = "-O";
				VALIDATE_PRODUCT = YES;
			};
			name = Release;
		};
		64BCF558218DC9C600B1392E /* Debug */ = {
			isa = XCBuildConfiguration;
			buildSettings = {
				ASSETCATALOG_COMPILER_APPICON_NAME = AppIcon;
				CODE_SIGN_STYLE = Automatic;
				DEVELOPMENT_TEAM = SA7GZ4M8SW;
				INFOPLIST_FILE = SecondKadaiApp/Info.plist;
				LD_RUNPATH_SEARCH_PATHS = (
					"$(inherited)",
					"@executable_path/Frameworks",
				);
				PRODUCT_BUNDLE_IDENTIFIER = jp.techacademy.wataru.tujimoto.SecondKadaiApp;
				PRODUCT_NAME = "$(TARGET_NAME)";
				SWIFT_VERSION = 4.0;
				TARGETED_DEVICE_FAMILY = "1,2";
			};
			name = Debug;
		};
		64BCF559218DC9C600B1392E /* Release */ = {
			isa = XCBuildConfiguration;
			buildSettings = {
				ASSETCATALOG_COMPILER_APPICON_NAME = AppIcon;
				CODE_SIGN_STYLE = Automatic;
				DEVELOPMENT_TEAM = SA7GZ4M8SW;
				INFOPLIST_FILE = SecondKadaiApp/Info.plist;
				LD_RUNPATH_SEARCH_PATHS = (
					"$(inherited)",
					"@executable_path/Frameworks",
				);
				PRODUCT_BUNDLE_IDENTIFIER = jp.techacademy.wataru.tujimoto.SecondKadaiApp;
				PRODUCT_NAME = "$(TARGET_NAME)";
				SWIFT_VERSION = 4.0;
				TARGETED_DEVICE_FAMILY = "1,2";
			};
			name = Release;
		};
/* End XCBuildConfiguration section */

/* Begin XCConfigurationList section */
		64BCF540218DC9C500B1392E /* Build configuration list for PBXProject "SecondKadaiApp" */ = {
			isa = XCConfigurationList;
			buildConfigurations = (
				64BCF555218DC9C600B1392E /* Debug */,
				64BCF556218DC9C600B1392E /* Release */,
			);
			defaultConfigurationIsVisible = 0;
			defaultConfigurationName = Release;
		};
		64BCF557218DC9C600B1392E /* Build configuration list for PBXNativeTarget "SecondKadaiApp" */ = {
			isa = XCConfigurationList;
			buildConfigurations = (
				64BCF558218DC9C600B1392E /* Debug */,
				64BCF559218DC9C600B1392E /* Release */,
			);
			defaultConfigurationIsVisible = 0;
			defaultConfigurationName = Release;
		};
/* End XCConfigurationList section */
	};
	rootObject = 64BCF53D218DC9C500B1392E /* Project object */;
}
